// !$*UTF8*$!
{
	archiveVersion = 1;
	classes = {
	};
	objectVersion = 50;
	objects = {

/* Begin PBXBuildFile section */
		244D55A922CA554E0029843F /* AppServicesManager+UNUserNotification.swift in Sources */ = {isa = PBXBuildFile; fileRef = 244D55A822CA554D0029843F /* AppServicesManager+UNUserNotification.swift */; };
		244D55AA22CA59790029843F /* PluggableAppDelegate.framework in Frameworks */ = {isa = PBXBuildFile; fileRef = C643400F2110F541004E9383 /* PluggableAppDelegate.framework */; };
		244D55AB22CA59790029843F /* PluggableAppDelegate.framework in Embed Frameworks */ = {isa = PBXBuildFile; fileRef = C643400F2110F541004E9383 /* PluggableAppDelegate.framework */; settings = {ATTRIBUTES = (CodeSignOnCopy, RemoveHeadersOnCopy, ); }; };
		C64340192110F541004E9383 /* PluggableAppDelegate.framework in Frameworks */ = {isa = PBXBuildFile; fileRef = C643400F2110F541004E9383 /* PluggableAppDelegate.framework */; };
		C643401E2110F541004E9383 /* PluggableAppDelegateTests.swift in Sources */ = {isa = PBXBuildFile; fileRef = C643401D2110F541004E9383 /* PluggableAppDelegateTests.swift */; };
		C64340202110F541004E9383 /* PluggableAppDelegate.h in Headers */ = {isa = PBXBuildFile; fileRef = C64340122110F541004E9383 /* PluggableAppDelegate.h */; settings = {ATTRIBUTES = (Public, ); }; };
		C643402B2110F66D004E9383 /* AppServicesManager.swift in Sources */ = {isa = PBXBuildFile; fileRef = C643402A2110F66D004E9383 /* AppServicesManager.swift */; };
		C643402D2110F727004E9383 /* AppServicesManager+AppInitializing.swift in Sources */ = {isa = PBXBuildFile; fileRef = C643402C2110F727004E9383 /* AppServicesManager+AppInitializing.swift */; };
		C643402F2110F761004E9383 /* AppServicesManager+WatchKitInteracting.swift in Sources */ = {isa = PBXBuildFile; fileRef = C643402E2110F761004E9383 /* AppServicesManager+WatchKitInteracting.swift */; };
		C64340312110F773004E9383 /* AppServicesManager+URLOpening.swift in Sources */ = {isa = PBXBuildFile; fileRef = C64340302110F773004E9383 /* AppServicesManager+URLOpening.swift */; };
		C64340332110F78A004E9383 /* AppServicesManager+RemoteNotification.swift in Sources */ = {isa = PBXBuildFile; fileRef = C64340322110F78A004E9383 /* AppServicesManager+RemoteNotification.swift */; };
		C64340352110F7A7004E9383 /* AppServicesManager+InterfaceGeometry.swift in Sources */ = {isa = PBXBuildFile; fileRef = C64340342110F7A7004E9383 /* AppServicesManager+InterfaceGeometry.swift */; };
		C64340372110F7BF004E9383 /* AppServicesManager+HealthKitInteracting.swift in Sources */ = {isa = PBXBuildFile; fileRef = C64340362110F7BF004E9383 /* AppServicesManager+HealthKitInteracting.swift */; };
		C64340392110F7D3004E9383 /* AppServicesManager+HandlingActions.swift in Sources */ = {isa = PBXBuildFile; fileRef = C64340382110F7D3004E9383 /* AppServicesManager+HandlingActions.swift */; };
		C643403B2110F7E4004E9383 /* AppServicesManager+ExtensionTypes.swift in Sources */ = {isa = PBXBuildFile; fileRef = C643403A2110F7E4004E9383 /* AppServicesManager+ExtensionTypes.swift */; };
		C643403D2110F805004E9383 /* AppServicesManager+DownloadingData.swift in Sources */ = {isa = PBXBuildFile; fileRef = C643403C2110F805004E9383 /* AppServicesManager+DownloadingData.swift */; };
		C643403F2110F818004E9383 /* AppServicesManager+Continuing.swift in Sources */ = {isa = PBXBuildFile; fileRef = C643403E2110F818004E9383 /* AppServicesManager+Continuing.swift */; };
		C64340412110F82D004E9383 /* AppServicesManager+CloudKitHandling.swift in Sources */ = {isa = PBXBuildFile; fileRef = C64340402110F82D004E9383 /* AppServicesManager+CloudKitHandling.swift */; };
		C64340432110F841004E9383 /* AppServicesManager+AppStateRestoration.swift in Sources */ = {isa = PBXBuildFile; fileRef = C64340422110F841004E9383 /* AppServicesManager+AppStateRestoration.swift */; };
		C64340452110F855004E9383 /* AppServicesManager+AppStateAndSystemEvents.swift in Sources */ = {isa = PBXBuildFile; fileRef = C64340442110F855004E9383 /* AppServicesManager+AppStateAndSystemEvents.swift */; };
		C643404D2110FA39004E9383 /* AppDelegate.swift in Sources */ = {isa = PBXBuildFile; fileRef = C643404C2110FA39004E9383 /* AppDelegate.swift */; };
		C643404F2110FA39004E9383 /* ViewController.swift in Sources */ = {isa = PBXBuildFile; fileRef = C643404E2110FA39004E9383 /* ViewController.swift */; };
		C64340542110FA3B004E9383 /* Assets.xcassets in Resources */ = {isa = PBXBuildFile; fileRef = C64340532110FA3B004E9383 /* Assets.xcassets */; };
		C64340572110FA3B004E9383 /* LaunchScreen.storyboard in Resources */ = {isa = PBXBuildFile; fileRef = C64340552110FA3B004E9383 /* LaunchScreen.storyboard */; };
		C64340612110FBA4004E9383 /* LoggerApplicationService.swift in Sources */ = {isa = PBXBuildFile; fileRef = C643405F2110FB9F004E9383 /* LoggerApplicationService.swift */; };
		C64340662111013A004E9383 /* RootVCApplicationService.swift in Sources */ = {isa = PBXBuildFile; fileRef = C6434064211100FC004E9383 /* RootVCApplicationService.swift */; };
		C69190AB21139DC60096CE0C /* AppServicesManager+SiriKitHandling.swift in Sources */ = {isa = PBXBuildFile; fileRef = C69190AA21139DC60096CE0C /* AppServicesManager+SiriKitHandling.swift */; };
/* End PBXBuildFile section */

/* Begin PBXContainerItemProxy section */
		244D55AC22CA59790029843F /* PBXContainerItemProxy */ = {
			isa = PBXContainerItemProxy;
			containerPortal = C64340062110F541004E9383 /* Project object */;
			proxyType = 1;
			remoteGlobalIDString = C643400E2110F541004E9383;
			remoteInfo = PluggableAppDelegate;
		};
		C643401A2110F541004E9383 /* PBXContainerItemProxy */ = {
			isa = PBXContainerItemProxy;
			containerPortal = C64340062110F541004E9383 /* Project object */;
			proxyType = 1;
			remoteGlobalIDString = C643400E2110F541004E9383;
			remoteInfo = PluggableAppDelegate;
		};
/* End PBXContainerItemProxy section */

/* Begin PBXCopyFilesBuildPhase section */
		244D55AE22CA59790029843F /* Embed Frameworks */ = {
			isa = PBXCopyFilesBuildPhase;
			buildActionMask = 2147483647;
			dstPath = "";
			dstSubfolderSpec = 10;
			files = (
				244D55AB22CA59790029843F /* PluggableAppDelegate.framework in Embed Frameworks */,
			);
			name = "Embed Frameworks";
			runOnlyForDeploymentPostprocessing = 0;
		};
/* End PBXCopyFilesBuildPhase section */

/* Begin PBXFileReference section */
		244D55A822CA554D0029843F /* AppServicesManager+UNUserNotification.swift */ = {isa = PBXFileReference; lastKnownFileType = sourcecode.swift; path = "AppServicesManager+UNUserNotification.swift"; sourceTree = "<group>"; };
		C643400F2110F541004E9383 /* PluggableAppDelegate.framework */ = {isa = PBXFileReference; explicitFileType = wrapper.framework; includeInIndex = 0; path = PluggableAppDelegate.framework; sourceTree = BUILT_PRODUCTS_DIR; };
		C64340122110F541004E9383 /* PluggableAppDelegate.h */ = {isa = PBXFileReference; lastKnownFileType = sourcecode.c.h; path = PluggableAppDelegate.h; sourceTree = "<group>"; };
		C64340132110F541004E9383 /* Info.plist */ = {isa = PBXFileReference; lastKnownFileType = text.plist.xml; path = Info.plist; sourceTree = "<group>"; };
		C64340182110F541004E9383 /* PluggableAppDelegateTests.xctest */ = {isa = PBXFileReference; explicitFileType = wrapper.cfbundle; includeInIndex = 0; path = PluggableAppDelegateTests.xctest; sourceTree = BUILT_PRODUCTS_DIR; };
		C643401D2110F541004E9383 /* PluggableAppDelegateTests.swift */ = {isa = PBXFileReference; lastKnownFileType = sourcecode.swift; path = PluggableAppDelegateTests.swift; sourceTree = "<group>"; };
		C643401F2110F541004E9383 /* Info.plist */ = {isa = PBXFileReference; lastKnownFileType = text.plist.xml; path = Info.plist; sourceTree = "<group>"; };
		C643402A2110F66D004E9383 /* AppServicesManager.swift */ = {isa = PBXFileReference; lastKnownFileType = sourcecode.swift; path = AppServicesManager.swift; sourceTree = "<group>"; };
		C643402C2110F727004E9383 /* AppServicesManager+AppInitializing.swift */ = {isa = PBXFileReference; lastKnownFileType = sourcecode.swift; path = "AppServicesManager+AppInitializing.swift"; sourceTree = "<group>"; };
		C643402E2110F761004E9383 /* AppServicesManager+WatchKitInteracting.swift */ = {isa = PBXFileReference; lastKnownFileType = sourcecode.swift; path = "AppServicesManager+WatchKitInteracting.swift"; sourceTree = "<group>"; };
		C64340302110F773004E9383 /* AppServicesManager+URLOpening.swift */ = {isa = PBXFileReference; lastKnownFileType = sourcecode.swift; path = "AppServicesManager+URLOpening.swift"; sourceTree = "<group>"; };
		C64340322110F78A004E9383 /* AppServicesManager+RemoteNotification.swift */ = {isa = PBXFileReference; lastKnownFileType = sourcecode.swift; path = "AppServicesManager+RemoteNotification.swift"; sourceTree = "<group>"; };
		C64340342110F7A7004E9383 /* AppServicesManager+InterfaceGeometry.swift */ = {isa = PBXFileReference; lastKnownFileType = sourcecode.swift; path = "AppServicesManager+InterfaceGeometry.swift"; sourceTree = "<group>"; };
		C64340362110F7BF004E9383 /* AppServicesManager+HealthKitInteracting.swift */ = {isa = PBXFileReference; lastKnownFileType = sourcecode.swift; path = "AppServicesManager+HealthKitInteracting.swift"; sourceTree = "<group>"; };
		C64340382110F7D3004E9383 /* AppServicesManager+HandlingActions.swift */ = {isa = PBXFileReference; lastKnownFileType = sourcecode.swift; path = "AppServicesManager+HandlingActions.swift"; sourceTree = "<group>"; };
		C643403A2110F7E4004E9383 /* AppServicesManager+ExtensionTypes.swift */ = {isa = PBXFileReference; lastKnownFileType = sourcecode.swift; path = "AppServicesManager+ExtensionTypes.swift"; sourceTree = "<group>"; };
		C643403C2110F805004E9383 /* AppServicesManager+DownloadingData.swift */ = {isa = PBXFileReference; lastKnownFileType = sourcecode.swift; path = "AppServicesManager+DownloadingData.swift"; sourceTree = "<group>"; };
		C643403E2110F818004E9383 /* AppServicesManager+Continuing.swift */ = {isa = PBXFileReference; lastKnownFileType = sourcecode.swift; path = "AppServicesManager+Continuing.swift"; sourceTree = "<group>"; };
		C64340402110F82D004E9383 /* AppServicesManager+CloudKitHandling.swift */ = {isa = PBXFileReference; lastKnownFileType = sourcecode.swift; path = "AppServicesManager+CloudKitHandling.swift"; sourceTree = "<group>"; };
		C64340422110F841004E9383 /* AppServicesManager+AppStateRestoration.swift */ = {isa = PBXFileReference; lastKnownFileType = sourcecode.swift; path = "AppServicesManager+AppStateRestoration.swift"; sourceTree = "<group>"; };
		C64340442110F855004E9383 /* AppServicesManager+AppStateAndSystemEvents.swift */ = {isa = PBXFileReference; lastKnownFileType = sourcecode.swift; path = "AppServicesManager+AppStateAndSystemEvents.swift"; sourceTree = "<group>"; };
		C643404A2110FA39004E9383 /* PluggableAppDelegateExample.app */ = {isa = PBXFileReference; explicitFileType = wrapper.application; includeInIndex = 0; path = PluggableAppDelegateExample.app; sourceTree = BUILT_PRODUCTS_DIR; };
		C643404C2110FA39004E9383 /* AppDelegate.swift */ = {isa = PBXFileReference; lastKnownFileType = sourcecode.swift; path = AppDelegate.swift; sourceTree = "<group>"; };
		C643404E2110FA39004E9383 /* ViewController.swift */ = {isa = PBXFileReference; lastKnownFileType = sourcecode.swift; path = ViewController.swift; sourceTree = "<group>"; };
		C64340532110FA3B004E9383 /* Assets.xcassets */ = {isa = PBXFileReference; lastKnownFileType = folder.assetcatalog; path = Assets.xcassets; sourceTree = "<group>"; };
		C64340562110FA3B004E9383 /* Base */ = {isa = PBXFileReference; lastKnownFileType = file.storyboard; name = Base; path = Base.lproj/LaunchScreen.storyboard; sourceTree = "<group>"; };
		C64340582110FA3B004E9383 /* Info.plist */ = {isa = PBXFileReference; lastKnownFileType = text.plist.xml; path = Info.plist; sourceTree = "<group>"; };
		C643405F2110FB9F004E9383 /* LoggerApplicationService.swift */ = {isa = PBXFileReference; lastKnownFileType = sourcecode.swift; path = LoggerApplicationService.swift; sourceTree = "<group>"; };
		C6434064211100FC004E9383 /* RootVCApplicationService.swift */ = {isa = PBXFileReference; lastKnownFileType = sourcecode.swift; path = RootVCApplicationService.swift; sourceTree = "<group>"; };
		C69190AA21139DC60096CE0C /* AppServicesManager+SiriKitHandling.swift */ = {isa = PBXFileReference; lastKnownFileType = sourcecode.swift; path = "AppServicesManager+SiriKitHandling.swift"; sourceTree = "<group>"; };
/* End PBXFileReference section */

/* Begin PBXFrameworksBuildPhase section */
		C643400B2110F541004E9383 /* Frameworks */ = {
			isa = PBXFrameworksBuildPhase;
			buildActionMask = 2147483647;
			files = (
			);
			runOnlyForDeploymentPostprocessing = 0;
		};
		C64340152110F541004E9383 /* Frameworks */ = {
			isa = PBXFrameworksBuildPhase;
			buildActionMask = 2147483647;
			files = (
				C64340192110F541004E9383 /* PluggableAppDelegate.framework in Frameworks */,
			);
			runOnlyForDeploymentPostprocessing = 0;
		};
		C64340472110FA39004E9383 /* Frameworks */ = {
			isa = PBXFrameworksBuildPhase;
			buildActionMask = 2147483647;
			files = (
				244D55AA22CA59790029843F /* PluggableAppDelegate.framework in Frameworks */,
			);
			runOnlyForDeploymentPostprocessing = 0;
		};
/* End PBXFrameworksBuildPhase section */

/* Begin PBXGroup section */
		C64340052110F541004E9383 = {
			isa = PBXGroup;
			children = (
				C64340292110F590004E9383 /* Sources */,
				C643404B2110FA39004E9383 /* Example */,
				C64340112110F541004E9383 /* PluggableAppDelegate */,
				C643401C2110F541004E9383 /* PluggableAppDelegateTests */,
				C64340102110F541004E9383 /* Products */,
				C64340622110FC58004E9383 /* Frameworks */,
			);
			sourceTree = "<group>";
		};
		C64340102110F541004E9383 /* Products */ = {
			isa = PBXGroup;
			children = (
				C643400F2110F541004E9383 /* PluggableAppDelegate.framework */,
				C64340182110F541004E9383 /* PluggableAppDelegateTests.xctest */,
				C643404A2110FA39004E9383 /* PluggableAppDelegateExample.app */,
			);
			name = Products;
			sourceTree = "<group>";
		};
		C64340112110F541004E9383 /* PluggableAppDelegate */ = {
			isa = PBXGroup;
			children = (
				C64340122110F541004E9383 /* PluggableAppDelegate.h */,
				C64340132110F541004E9383 /* Info.plist */,
			);
			path = PluggableAppDelegate;
			sourceTree = "<group>";
		};
		C643401C2110F541004E9383 /* PluggableAppDelegateTests */ = {
			isa = PBXGroup;
			children = (
				C643401D2110F541004E9383 /* PluggableAppDelegateTests.swift */,
				C643401F2110F541004E9383 /* Info.plist */,
			);
			path = PluggableAppDelegateTests;
			sourceTree = "<group>";
		};
		C64340292110F590004E9383 /* Sources */ = {
			isa = PBXGroup;
			children = (
				C643402A2110F66D004E9383 /* AppServicesManager.swift */,
				C643402C2110F727004E9383 /* AppServicesManager+AppInitializing.swift */,
				C64340442110F855004E9383 /* AppServicesManager+AppStateAndSystemEvents.swift */,
				C64340422110F841004E9383 /* AppServicesManager+AppStateRestoration.swift */,
				C64340402110F82D004E9383 /* AppServicesManager+CloudKitHandling.swift */,
				C643403E2110F818004E9383 /* AppServicesManager+Continuing.swift */,
				C643403C2110F805004E9383 /* AppServicesManager+DownloadingData.swift */,
				C643403A2110F7E4004E9383 /* AppServicesManager+ExtensionTypes.swift */,
				C64340382110F7D3004E9383 /* AppServicesManager+HandlingActions.swift */,
				C64340362110F7BF004E9383 /* AppServicesManager+HealthKitInteracting.swift */,
				C64340342110F7A7004E9383 /* AppServicesManager+InterfaceGeometry.swift */,
				C64340322110F78A004E9383 /* AppServicesManager+RemoteNotification.swift */,
				C69190AA21139DC60096CE0C /* AppServicesManager+SiriKitHandling.swift */,
				C64340302110F773004E9383 /* AppServicesManager+URLOpening.swift */,
				C643402E2110F761004E9383 /* AppServicesManager+WatchKitInteracting.swift */,
				244D55A822CA554D0029843F /* AppServicesManager+UNUserNotification.swift */,
			);
			path = Sources;
			sourceTree = "<group>";
		};
		C643404B2110FA39004E9383 /* Example */ = {
			isa = PBXGroup;
			children = (
				C643405E2110FAB6004E9383 /* Services */,
				C643404C2110FA39004E9383 /* AppDelegate.swift */,
				C643404E2110FA39004E9383 /* ViewController.swift */,
				C64340532110FA3B004E9383 /* Assets.xcassets */,
				C64340552110FA3B004E9383 /* LaunchScreen.storyboard */,
				C643405D2110FA7C004E9383 /* Supporting Files */,
			);
			path = Example;
			sourceTree = "<group>";
		};
		C643405D2110FA7C004E9383 /* Supporting Files */ = {
			isa = PBXGroup;
			children = (
				C64340582110FA3B004E9383 /* Info.plist */,
			);
			path = "Supporting Files";
			sourceTree = "<group>";
		};
		C643405E2110FAB6004E9383 /* Services */ = {
			isa = PBXGroup;
			children = (
				C643405F2110FB9F004E9383 /* LoggerApplicationService.swift */,
				C6434064211100FC004E9383 /* RootVCApplicationService.swift */,
			);
			path = Services;
			sourceTree = "<group>";
		};
		C64340622110FC58004E9383 /* Frameworks */ = {
			isa = PBXGroup;
			children = (
			);
			name = Frameworks;
			sourceTree = "<group>";
		};
/* End PBXGroup section */

/* Begin PBXHeadersBuildPhase section */
		C643400C2110F541004E9383 /* Headers */ = {
			isa = PBXHeadersBuildPhase;
			buildActionMask = 2147483647;
			files = (
				C64340202110F541004E9383 /* PluggableAppDelegate.h in Headers */,
			);
			runOnlyForDeploymentPostprocessing = 0;
		};
/* End PBXHeadersBuildPhase section */

/* Begin PBXNativeTarget section */
		C643400E2110F541004E9383 /* PluggableAppDelegate */ = {
			isa = PBXNativeTarget;
			buildConfigurationList = C64340232110F541004E9383 /* Build configuration list for PBXNativeTarget "PluggableAppDelegate" */;
			buildPhases = (
				C643400A2110F541004E9383 /* Sources */,
				C643400B2110F541004E9383 /* Frameworks */,
				C643400C2110F541004E9383 /* Headers */,
				C643400D2110F541004E9383 /* Resources */,
			);
			buildRules = (
			);
			dependencies = (
			);
			name = PluggableAppDelegate;
			productName = PluggableAppDelegate;
			productReference = C643400F2110F541004E9383 /* PluggableAppDelegate.framework */;
			productType = "com.apple.product-type.framework";
		};
		C64340172110F541004E9383 /* PluggableAppDelegateTests */ = {
			isa = PBXNativeTarget;
			buildConfigurationList = C64340262110F541004E9383 /* Build configuration list for PBXNativeTarget "PluggableAppDelegateTests" */;
			buildPhases = (
				C64340142110F541004E9383 /* Sources */,
				C64340152110F541004E9383 /* Frameworks */,
				C64340162110F541004E9383 /* Resources */,
			);
			buildRules = (
			);
			dependencies = (
				C643401B2110F541004E9383 /* PBXTargetDependency */,
			);
			name = PluggableAppDelegateTests;
			productName = PluggableAppDelegateTests;
			productReference = C64340182110F541004E9383 /* PluggableAppDelegateTests.xctest */;
			productType = "com.apple.product-type.bundle.unit-test";
		};
		C64340492110FA39004E9383 /* PluggableAppDelegateExample */ = {
			isa = PBXNativeTarget;
			buildConfigurationList = C64340592110FA3B004E9383 /* Build configuration list for PBXNativeTarget "PluggableAppDelegateExample" */;
			buildPhases = (
				C64340462110FA39004E9383 /* Sources */,
				C64340472110FA39004E9383 /* Frameworks */,
				C64340482110FA39004E9383 /* Resources */,
				244D55AE22CA59790029843F /* Embed Frameworks */,
			);
			buildRules = (
			);
			dependencies = (
				244D55AD22CA59790029843F /* PBXTargetDependency */,
			);
			name = PluggableAppDelegateExample;
			productName = PluggableAppDelegateExample;
			productReference = C643404A2110FA39004E9383 /* PluggableAppDelegateExample.app */;
			productType = "com.apple.product-type.application";
		};
/* End PBXNativeTarget section */

/* Begin PBXProject section */
		C64340062110F541004E9383 /* Project object */ = {
			isa = PBXProject;
			attributes = {
				LastSwiftUpdateCheck = 0940;
				LastUpgradeCheck = 0940;
				ORGANIZATIONNAME = "Michael Pchelnikov";
				TargetAttributes = {
					C643400E2110F541004E9383 = {
						CreatedOnToolsVersion = 9.4.1;
						LastSwiftMigration = 1000;
					};
					C64340172110F541004E9383 = {
						CreatedOnToolsVersion = 9.4.1;
						LastSwiftMigration = 1010;
					};
					C64340492110FA39004E9383 = {
						CreatedOnToolsVersion = 9.4.1;
						LastSwiftMigration = 1000;
					};
				};
			};
			buildConfigurationList = C64340092110F541004E9383 /* Build configuration list for PBXProject "PluggableAppDelegate" */;
			compatibilityVersion = "Xcode 9.3";
			developmentRegion = en;
			hasScannedForEncodings = 0;
			knownRegions = (
				en,
				Base,
			);
			mainGroup = C64340052110F541004E9383;
			productRefGroup = C64340102110F541004E9383 /* Products */;
			projectDirPath = "";
			projectRoot = "";
			targets = (
				C643400E2110F541004E9383 /* PluggableAppDelegate */,
				C64340492110FA39004E9383 /* PluggableAppDelegateExample */,
				C64340172110F541004E9383 /* PluggableAppDelegateTests */,
			);
		};
/* End PBXProject section */

/* Begin PBXResourcesBuildPhase section */
		C643400D2110F541004E9383 /* Resources */ = {
			isa = PBXResourcesBuildPhase;
			buildActionMask = 2147483647;
			files = (
			);
			runOnlyForDeploymentPostprocessing = 0;
		};
		C64340162110F541004E9383 /* Resources */ = {
			isa = PBXResourcesBuildPhase;
			buildActionMask = 2147483647;
			files = (
			);
			runOnlyForDeploymentPostprocessing = 0;
		};
		C64340482110FA39004E9383 /* Resources */ = {
			isa = PBXResourcesBuildPhase;
			buildActionMask = 2147483647;
			files = (
				C64340572110FA3B004E9383 /* LaunchScreen.storyboard in Resources */,
				C64340542110FA3B004E9383 /* Assets.xcassets in Resources */,
			);
			runOnlyForDeploymentPostprocessing = 0;
		};
/* End PBXResourcesBuildPhase section */

/* Begin PBXSourcesBuildPhase section */
		C643400A2110F541004E9383 /* Sources */ = {
			isa = PBXSourcesBuildPhase;
			buildActionMask = 2147483647;
			files = (
				C64340332110F78A004E9383 /* AppServicesManager+RemoteNotification.swift in Sources */,
				C643403F2110F818004E9383 /* AppServicesManager+Continuing.swift in Sources */,
				C64340352110F7A7004E9383 /* AppServicesManager+InterfaceGeometry.swift in Sources */,
				C64340412110F82D004E9383 /* AppServicesManager+CloudKitHandling.swift in Sources */,
				C643403D2110F805004E9383 /* AppServicesManager+DownloadingData.swift in Sources */,
				C643403B2110F7E4004E9383 /* AppServicesManager+ExtensionTypes.swift in Sources */,
				C64340312110F773004E9383 /* AppServicesManager+URLOpening.swift in Sources */,
				C64340452110F855004E9383 /* AppServicesManager+AppStateAndSystemEvents.swift in Sources */,
				C643402D2110F727004E9383 /* AppServicesManager+AppInitializing.swift in Sources */,
				C64340392110F7D3004E9383 /* AppServicesManager+HandlingActions.swift in Sources */,
				244D55A922CA554E0029843F /* AppServicesManager+UNUserNotification.swift in Sources */,
				C64340372110F7BF004E9383 /* AppServicesManager+HealthKitInteracting.swift in Sources */,
				C69190AB21139DC60096CE0C /* AppServicesManager+SiriKitHandling.swift in Sources */,
				C64340432110F841004E9383 /* AppServicesManager+AppStateRestoration.swift in Sources */,
				C643402F2110F761004E9383 /* AppServicesManager+WatchKitInteracting.swift in Sources */,
				C643402B2110F66D004E9383 /* AppServicesManager.swift in Sources */,
			);
			runOnlyForDeploymentPostprocessing = 0;
		};
		C64340142110F541004E9383 /* Sources */ = {
			isa = PBXSourcesBuildPhase;
			buildActionMask = 2147483647;
			files = (
				C643401E2110F541004E9383 /* PluggableAppDelegateTests.swift in Sources */,
			);
			runOnlyForDeploymentPostprocessing = 0;
		};
		C64340462110FA39004E9383 /* Sources */ = {
			isa = PBXSourcesBuildPhase;
			buildActionMask = 2147483647;
			files = (
				C643404F2110FA39004E9383 /* ViewController.swift in Sources */,
				C643404D2110FA39004E9383 /* AppDelegate.swift in Sources */,
				C64340612110FBA4004E9383 /* LoggerApplicationService.swift in Sources */,
				C64340662111013A004E9383 /* RootVCApplicationService.swift in Sources */,
			);
			runOnlyForDeploymentPostprocessing = 0;
		};
/* End PBXSourcesBuildPhase section */

/* Begin PBXTargetDependency section */
		244D55AD22CA59790029843F /* PBXTargetDependency */ = {
			isa = PBXTargetDependency;
			target = C643400E2110F541004E9383 /* PluggableAppDelegate */;
			targetProxy = 244D55AC22CA59790029843F /* PBXContainerItemProxy */;
		};
		C643401B2110F541004E9383 /* PBXTargetDependency */ = {
			isa = PBXTargetDependency;
			target = C643400E2110F541004E9383 /* PluggableAppDelegate */;
			targetProxy = C643401A2110F541004E9383 /* PBXContainerItemProxy */;
		};
/* End PBXTargetDependency section */

/* Begin PBXVariantGroup section */
		C64340552110FA3B004E9383 /* LaunchScreen.storyboard */ = {
			isa = PBXVariantGroup;
			children = (
				C64340562110FA3B004E9383 /* Base */,
			);
			name = LaunchScreen.storyboard;
			sourceTree = "<group>";
		};
/* End PBXVariantGroup section */

/* Begin XCBuildConfiguration section */
		C64340212110F541004E9383 /* Debug */ = {
			isa = XCBuildConfiguration;
			buildSettings = {
				ALWAYS_SEARCH_USER_PATHS = NO;
				CLANG_ANALYZER_NONNULL = YES;
				CLANG_ANALYZER_NUMBER_OBJECT_CONVERSION = YES_AGGRESSIVE;
				CLANG_CXX_LANGUAGE_STANDARD = "gnu++14";
				CLANG_CXX_LIBRARY = "libc++";
				CLANG_ENABLE_MODULES = YES;
				CLANG_ENABLE_OBJC_ARC = YES;
				CLANG_ENABLE_OBJC_WEAK = YES;
				CLANG_WARN_BLOCK_CAPTURE_AUTORELEASING = YES;
				CLANG_WARN_BOOL_CONVERSION = YES;
				CLANG_WARN_COMMA = YES;
				CLANG_WARN_CONSTANT_CONVERSION = YES;
				CLANG_WARN_DEPRECATED_OBJC_IMPLEMENTATIONS = YES;
				CLANG_WARN_DIRECT_OBJC_ISA_USAGE = YES_ERROR;
				CLANG_WARN_DOCUMENTATION_COMMENTS = YES;
				CLANG_WARN_EMPTY_BODY = YES;
				CLANG_WARN_ENUM_CONVERSION = YES;
				CLANG_WARN_INFINITE_RECURSION = YES;
				CLANG_WARN_INT_CONVERSION = YES;
				CLANG_WARN_NON_LITERAL_NULL_CONVERSION = YES;
				CLANG_WARN_OBJC_IMPLICIT_RETAIN_SELF = YES;
				CLANG_WARN_OBJC_LITERAL_CONVERSION = YES;
				CLANG_WARN_OBJC_ROOT_CLASS = YES_ERROR;
				CLANG_WARN_RANGE_LOOP_ANALYSIS = YES;
				CLANG_WARN_STRICT_PROTOTYPES = YES;
				CLANG_WARN_SUSPICIOUS_MOVE = YES;
				CLANG_WARN_UNGUARDED_AVAILABILITY = YES_AGGRESSIVE;
				CLANG_WARN_UNREACHABLE_CODE = YES;
				CLANG_WARN__DUPLICATE_METHOD_MATCH = YES;
				CODE_SIGN_IDENTITY = "iPhone Developer";
				COPY_PHASE_STRIP = NO;
				CURRENT_PROJECT_VERSION = 1;
				DEBUG_INFORMATION_FORMAT = dwarf;
				ENABLE_STRICT_OBJC_MSGSEND = YES;
				ENABLE_TESTABILITY = YES;
				GCC_C_LANGUAGE_STANDARD = gnu11;
				GCC_DYNAMIC_NO_PIC = NO;
				GCC_NO_COMMON_BLOCKS = YES;
				GCC_OPTIMIZATION_LEVEL = 0;
				GCC_PREPROCESSOR_DEFINITIONS = (
					"DEBUG=1",
					"$(inherited)",
				);
				GCC_WARN_64_TO_32_BIT_CONVERSION = YES;
				GCC_WARN_ABOUT_RETURN_TYPE = YES_ERROR;
				GCC_WARN_UNDECLARED_SELECTOR = YES;
				GCC_WARN_UNINITIALIZED_AUTOS = YES_AGGRESSIVE;
				GCC_WARN_UNUSED_FUNCTION = YES;
				GCC_WARN_UNUSED_VARIABLE = YES;
				IPHONEOS_DEPLOYMENT_TARGET = 9.0;
				MTL_ENABLE_DEBUG_INFO = YES;
				ONLY_ACTIVE_ARCH = YES;
				SDKROOT = iphoneos;
				SWIFT_ACTIVE_COMPILATION_CONDITIONS = DEBUG;
				SWIFT_OPTIMIZATION_LEVEL = "-Onone";
				VERSIONING_SYSTEM = "apple-generic";
				VERSION_INFO_PREFIX = "";
			};
			name = Debug;
		};
		C64340222110F541004E9383 /* Release */ = {
			isa = XCBuildConfiguration;
			buildSettings = {
				ALWAYS_SEARCH_USER_PATHS = NO;
				CLANG_ANALYZER_NONNULL = YES;
				CLANG_ANALYZER_NUMBER_OBJECT_CONVERSION = YES_AGGRESSIVE;
				CLANG_CXX_LANGUAGE_STANDARD = "gnu++14";
				CLANG_CXX_LIBRARY = "libc++";
				CLANG_ENABLE_MODULES = YES;
				CLANG_ENABLE_OBJC_ARC = YES;
				CLANG_ENABLE_OBJC_WEAK = YES;
				CLANG_WARN_BLOCK_CAPTURE_AUTORELEASING = YES;
				CLANG_WARN_BOOL_CONVERSION = YES;
				CLANG_WARN_COMMA = YES;
				CLANG_WARN_CONSTANT_CONVERSION = YES;
				CLANG_WARN_DEPRECATED_OBJC_IMPLEMENTATIONS = YES;
				CLANG_WARN_DIRECT_OBJC_ISA_USAGE = YES_ERROR;
				CLANG_WARN_DOCUMENTATION_COMMENTS = YES;
				CLANG_WARN_EMPTY_BODY = YES;
				CLANG_WARN_ENUM_CONVERSION = YES;
				CLANG_WARN_INFINITE_RECURSION = YES;
				CLANG_WARN_INT_CONVERSION = YES;
				CLANG_WARN_NON_LITERAL_NULL_CONVERSION = YES;
				CLANG_WARN_OBJC_IMPLICIT_RETAIN_SELF = YES;
				CLANG_WARN_OBJC_LITERAL_CONVERSION = YES;
				CLANG_WARN_OBJC_ROOT_CLASS = YES_ERROR;
				CLANG_WARN_RANGE_LOOP_ANALYSIS = YES;
				CLANG_WARN_STRICT_PROTOTYPES = YES;
				CLANG_WARN_SUSPICIOUS_MOVE = YES;
				CLANG_WARN_UNGUARDED_AVAILABILITY = YES_AGGRESSIVE;
				CLANG_WARN_UNREACHABLE_CODE = YES;
				CLANG_WARN__DUPLICATE_METHOD_MATCH = YES;
				CODE_SIGN_IDENTITY = "iPhone Developer";
				COPY_PHASE_STRIP = NO;
				CURRENT_PROJECT_VERSION = 1;
				DEBUG_INFORMATION_FORMAT = "dwarf-with-dsym";
				ENABLE_NS_ASSERTIONS = NO;
				ENABLE_STRICT_OBJC_MSGSEND = YES;
				GCC_C_LANGUAGE_STANDARD = gnu11;
				GCC_NO_COMMON_BLOCKS = YES;
				GCC_WARN_64_TO_32_BIT_CONVERSION = YES;
				GCC_WARN_ABOUT_RETURN_TYPE = YES_ERROR;
				GCC_WARN_UNDECLARED_SELECTOR = YES;
				GCC_WARN_UNINITIALIZED_AUTOS = YES_AGGRESSIVE;
				GCC_WARN_UNUSED_FUNCTION = YES;
				GCC_WARN_UNUSED_VARIABLE = YES;
				IPHONEOS_DEPLOYMENT_TARGET = 9.0;
				MTL_ENABLE_DEBUG_INFO = NO;
				SDKROOT = iphoneos;
				SWIFT_COMPILATION_MODE = wholemodule;
				SWIFT_OPTIMIZATION_LEVEL = "-O";
				VALIDATE_PRODUCT = YES;
				VERSIONING_SYSTEM = "apple-generic";
				VERSION_INFO_PREFIX = "";
			};
			name = Release;
		};
		C64340242110F541004E9383 /* Debug */ = {
			isa = XCBuildConfiguration;
			buildSettings = {
				CLANG_ENABLE_MODULES = YES;
				CODE_SIGN_IDENTITY = "";
				CODE_SIGN_STYLE = Automatic;
				DEFINES_MODULE = YES;
				DEVELOPMENT_TEAM = D54US7N29T;
				DYLIB_COMPATIBILITY_VERSION = 1;
				DYLIB_CURRENT_VERSION = 1;
				DYLIB_INSTALL_NAME_BASE = "@rpath";
				INFOPLIST_FILE = PluggableAppDelegate/Info.plist;
				INSTALL_PATH = "$(LOCAL_LIBRARY_DIR)/Frameworks";
				IPHONEOS_DEPLOYMENT_TARGET = 9.0;
				LD_RUNPATH_SEARCH_PATHS = (
					"$(inherited)",
					"@executable_path/Frameworks",
					"@loader_path/Frameworks",
				);
				PRODUCT_BUNDLE_IDENTIFIER = com.pchelnikov.PluggableAppDelegate;
				PRODUCT_NAME = "$(TARGET_NAME:c99extidentifier)";
				SKIP_INSTALL = YES;
				SWIFT_OPTIMIZATION_LEVEL = "-Onone";
				SWIFT_VERSION = 5.0;
				TARGETED_DEVICE_FAMILY = "1,2";
			};
			name = Debug;
		};
		C64340252110F541004E9383 /* Release */ = {
			isa = XCBuildConfiguration;
			buildSettings = {
				CLANG_ENABLE_MODULES = YES;
				CODE_SIGN_IDENTITY = "";
				CODE_SIGN_STYLE = Automatic;
				DEFINES_MODULE = YES;
				DEVELOPMENT_TEAM = D54US7N29T;
				DYLIB_COMPATIBILITY_VERSION = 1;
				DYLIB_CURRENT_VERSION = 1;
				DYLIB_INSTALL_NAME_BASE = "@rpath";
				INFOPLIST_FILE = PluggableAppDelegate/Info.plist;
				INSTALL_PATH = "$(LOCAL_LIBRARY_DIR)/Frameworks";
				IPHONEOS_DEPLOYMENT_TARGET = 9.0;
				LD_RUNPATH_SEARCH_PATHS = (
					"$(inherited)",
					"@executable_path/Frameworks",
					"@loader_path/Frameworks",
				);
				PRODUCT_BUNDLE_IDENTIFIER = com.pchelnikov.PluggableAppDelegate;
				PRODUCT_NAME = "$(TARGET_NAME:c99extidentifier)";
				SKIP_INSTALL = YES;
				SWIFT_VERSION = 5.0;
				TARGETED_DEVICE_FAMILY = "1,2";
			};
			name = Release;
		};
		C64340272110F541004E9383 /* Debug */ = {
			isa = XCBuildConfiguration;
			buildSettings = {
				ALWAYS_EMBED_SWIFT_STANDARD_LIBRARIES = YES;
				CODE_SIGN_STYLE = Automatic;
				DEVELOPMENT_TEAM = D54US7N29T;
				INFOPLIST_FILE = PluggableAppDelegateTests/Info.plist;
				LD_RUNPATH_SEARCH_PATHS = (
					"$(inherited)",
					"@executable_path/Frameworks",
					"@loader_path/Frameworks",
				);
				PRODUCT_BUNDLE_IDENTIFIER = com.pchelnikov.PluggableAppDelegateTests;
				PRODUCT_NAME = "$(TARGET_NAME)";
				SWIFT_VERSION = 5.0;
				TARGETED_DEVICE_FAMILY = "1,2";
			};
			name = Debug;
		};
		C64340282110F541004E9383 /* Release */ = {
			isa = XCBuildConfiguration;
			buildSettings = {
				ALWAYS_EMBED_SWIFT_STANDARD_LIBRARIES = YES;
				CODE_SIGN_STYLE = Automatic;
				DEVELOPMENT_TEAM = D54US7N29T;
				INFOPLIST_FILE = PluggableAppDelegateTests/Info.plist;
				LD_RUNPATH_SEARCH_PATHS = (
					"$(inherited)",
					"@executable_path/Frameworks",
					"@loader_path/Frameworks",
				);
				PRODUCT_BUNDLE_IDENTIFIER = com.pchelnikov.PluggableAppDelegateTests;
				PRODUCT_NAME = "$(TARGET_NAME)";
				SWIFT_VERSION = 5.0;
				TARGETED_DEVICE_FAMILY = "1,2";
			};
			name = Release;
		};
		C643405A2110FA3B004E9383 /* Debug */ = {
			isa = XCBuildConfiguration;
			buildSettings = {
				ALWAYS_EMBED_SWIFT_STANDARD_LIBRARIES = YES;
				ASSETCATALOG_COMPILER_APPICON_NAME = AppIcon;
				CODE_SIGN_STYLE = Automatic;
				DEVELOPMENT_TEAM = D54US7N29T;
				INFOPLIST_FILE = "$(SRCROOT)/Example/Supporting Files/Info.plist";
				IPHONEOS_DEPLOYMENT_TARGET = 9.0;
				LD_RUNPATH_SEARCH_PATHS = (
					"$(inherited)",
					"@executable_path/Frameworks",
				);
				PRODUCT_BUNDLE_IDENTIFIER = com.pchelnikov.PluggableAppDelegateExample;
				PRODUCT_NAME = "$(TARGET_NAME)";
				SWIFT_VERSION = 5.0;
				TARGETED_DEVICE_FAMILY = "1,2";
			};
			name = Debug;
		};
		C643405B2110FA3B004E9383 /* Release */ = {
			isa = XCBuildConfiguration;
			buildSettings = {
				ALWAYS_EMBED_SWIFT_STANDARD_LIBRARIES = YES;
				ASSETCATALOG_COMPILER_APPICON_NAME = AppIcon;
				CODE_SIGN_STYLE = Automatic;
				DEVELOPMENT_TEAM = D54US7N29T;
				INFOPLIST_FILE = "$(SRCROOT)/Example/Supporting Files/Info.plist";
				IPHONEOS_DEPLOYMENT_TARGET = 9.0;
				LD_RUNPATH_SEARCH_PATHS = (
					"$(inherited)",
					"@executable_path/Frameworks",
				);
				PRODUCT_BUNDLE_IDENTIFIER = com.pchelnikov.PluggableAppDelegateExample;
				PRODUCT_NAME = "$(TARGET_NAME)";
				SWIFT_VERSION = 5.0;
				TARGETED_DEVICE_FAMILY = "1,2";
			};
			name = Release;
		};
/* End XCBuildConfiguration section */

/* Begin XCConfigurationList section */
		C64340092110F541004E9383 /* Build configuration list for PBXProject "PluggableAppDelegate" */ = {
			isa = XCConfigurationList;
			buildConfigurations = (
				C64340212110F541004E9383 /* Debug */,
				C64340222110F541004E9383 /* Release */,
			);
			defaultConfigurationIsVisible = 0;
			defaultConfigurationName = Release;
		};
		C64340232110F541004E9383 /* Build configuration list for PBXNativeTarget "PluggableAppDelegate" */ = {
			isa = XCConfigurationList;
			buildConfigurations = (
				C64340242110F541004E9383 /* Debug */,
				C64340252110F541004E9383 /* Release */,
			);
			defaultConfigurationIsVisible = 0;
			defaultConfigurationName = Release;
		};
		C64340262110F541004E9383 /* Build configuration list for PBXNativeTarget "PluggableAppDelegateTests" */ = {
			isa = XCConfigurationList;
			buildConfigurations = (
				C64340272110F541004E9383 /* Debug */,
				C64340282110F541004E9383 /* Release */,
			);
			defaultConfigurationIsVisible = 0;
			defaultConfigurationName = Release;
		};
		C64340592110FA3B004E9383 /* Build configuration list for PBXNativeTarget "PluggableAppDelegateExample" */ = {
			isa = XCConfigurationList;
			buildConfigurations = (
				C643405A2110FA3B004E9383 /* Debug */,
				C643405B2110FA3B004E9383 /* Release */,
			);
			defaultConfigurationIsVisible = 0;
			defaultConfigurationName = Release;
		};
/* End XCConfigurationList section */
	};
	rootObject = C64340062110F541004E9383 /* Project object */;
}
